
Microsoft Visual Studio Solution File, Format Version 12.00
# Visual Studio Version 16
VisualStudioVersion = 16.0.29911.84
MinimumVisualStudioVersion = 10.0.40219.1
Project("{9A19103F-16F7-4668-BE54-9A1E7A4F7556}") = "Lab5", "Lab5\Lab5.csproj", "{0F881625-8686-4401-B43A-C10BD01F9D9E}"
EndProject
Global
	GlobalSection(SolutionConfigurationPlatforms) = preSolution
		Debug|Any CPU = Debug|Any CPU
		Release|Any CPU = Release|Any CPU
	EndGlobalSection
	GlobalSection(ProjectConfigurationPlatforms) = postSolution
		{0F881625-8686-4401-B43A-C10BD01F9D9E}.Debug|Any CPU.ActiveCfg = Debug|Any CPU
		{0F881625-8686-4401-B43A-C10BD01F9D9E}.Debug|Any CPU.Build.0 = Debug|Any CPU
		{0F881625-8686-4401-B43A-C10BD01F9D9E}.Release|Any CPU.ActiveCfg = Release|Any CPU
		{0F881625-8686-4401-B43A-C10BD01F9D9E}.Release|Any CPU.Build.0 = Release|Any CPU
	EndGlobalSection
	GlobalSection(SolutionProperties) = preSolution
		HideSolutionNode = FALSE
	EndGlobalSection
	GlobalSection(ExtensibilityGlobals) = postSolution
		SolutionGuid = {69D7BEC0-99EB-427B-A008-63B4FC65E57A}
	EndGlobalSection
EndGlobal
